
Microsoft Visual Studio Solution File, Format Version 12.00
# Visual Studio Version 16
VisualStudioVersion = 16.0.30907.101
MinimumVisualStudioVersion = 10.0.40219.1
Project("{9A19103F-16F7-4668-BE54-9A1E7A4F7556}") = "CF.APIGateWay", "CF.APIGateWay\CF.APIGateWay.csproj", "{160E4B79-5E24-451B-937C-02F417BCA769}"
EndProject
Project("{2150E333-8FDC-42A3-9474-1A3956D46DE8}") = "ProjectService", "ProjectService", "{D3FC192E-533F-4EE1-977F-BD4DD00C75F9}"
EndProject
Project("{9A19103F-16F7-4668-BE54-9A1E7A4F7556}") = "CF.ProjectService.Api", "CF.ProjectService.Api\CF.ProjectService.Api.csproj", "{52D9C9CB-0EE4-482D-A715-8FDDBB08DF08}"
EndProject
Project("{2150E333-8FDC-42A3-9474-1A3956D46DE8}") = "Core", "Core", "{10D945B1-7C63-4D5B-A9EF-91E8A480F235}"
EndProject
Project("{9A19103F-16F7-4668-BE54-9A1E7A4F7556}") = "CF.ProjectService.Application", "CF.ProjectService.Application\CF.ProjectService.Application.csproj", "{50ECF579-6E92-4808-ACE3-858C324ED601}"
EndProject
Project("{2150E333-8FDC-42A3-9474-1A3956D46DE8}") = "Infrastructure", "Infrastructure", "{17C41609-93DB-47BC-AC39-647FDB9402E4}"
EndProject
Project("{9A19103F-16F7-4668-BE54-9A1E7A4F7556}") = "CF.ProjectService.Infrastructure", "CF.ProjectService.Infrastructure\CF.ProjectService.Infrastructure.csproj", "{BC616F6D-1435-4C1C-805D-A6A0645A862E}"
EndProject
Project("{9A19103F-16F7-4668-BE54-9A1E7A4F7556}") = "CF.ProjectService.Persistence", "CF.ProjectService.Persistence\CF.ProjectService.Persistence.csproj", "{D27F3078-B072-477E-85B5-8055C300DEAB}"
EndProject
Project("{2150E333-8FDC-42A3-9474-1A3956D46DE8}") = "CostBrainService", "CostBrainService", "{E42A7376-FF5C-45A7-B38A-45A9D007506B}"
EndProject
Project("{2150E333-8FDC-42A3-9474-1A3956D46DE8}") = "Core", "Core", "{D813FBFD-4072-497E-9D77-8917F6FD526A}"
EndProject
Project("{2150E333-8FDC-42A3-9474-1A3956D46DE8}") = "Infrastructure", "Infrastructure", "{5559FD97-9B64-4031-BEF6-F0F141FEF66F}"
EndProject
Project("{9A19103F-16F7-4668-BE54-9A1E7A4F7556}") = "CF.CostBrainService.Application", "CF.CostBrainService.Application\CF.CostBrainService.Application.csproj", "{18F538AB-9E57-4D5E-8011-EA76981FCF57}"
EndProject
Project("{9A19103F-16F7-4668-BE54-9A1E7A4F7556}") = "CF.CostBrainService.Persistence", "CF.CostBrainService.Persistence\CF.CostBrainService.Persistence.csproj", "{0BEDDB41-0461-4EDC-AC87-84AEEEC82364}"
EndProject
Project("{9A19103F-16F7-4668-BE54-9A1E7A4F7556}") = "CF.CostBrainService.Infrastructure", "CF.CostBrainService.Infrastructure\CF.CostBrainService.Infrastructure.csproj", "{56A05E97-DF7B-4AC0-9D0D-113218123285}"
EndProject
Project("{9A19103F-16F7-4668-BE54-9A1E7A4F7556}") = "CF.CostBrainService.Api", "CF.CostBrainService.Api\CF.CostBrainService.Api.csproj", "{036B9AE8-B777-4C6F-AFD5-C8F88B0A4948}"
EndProject
Project("{2150E333-8FDC-42A3-9474-1A3956D46DE8}") = "ConceptBrainService", "ConceptBrainService", "{A0606858-C6BC-42E2-A9E7-BFAE15908366}"
EndProject
Project("{9A19103F-16F7-4668-BE54-9A1E7A4F7556}") = "CF.AuthService.Api", "CF.AuthService.Api\CF.AuthService.Api.csproj", "{9F8A90C0-65E4-4B53-99B5-82DB2CCAAACE}"
EndProject
Project("{9A19103F-16F7-4668-BE54-9A1E7A4F7556}") = "CF.AuthService.Application", "CF.AuthService.Application\CF.AuthService.Application.csproj", "{0132F9F0-7094-4E96-B1C0-4497ECF57B23}"
EndProject
Project("{9A19103F-16F7-4668-BE54-9A1E7A4F7556}") = "CF.AuthService.Infrastructure", "CF.AuthService.Infrastructure\CF.AuthService.Infrastructure.csproj", "{019F2BD2-97EF-4A3E-9322-A690C4BE00E9}"
EndProject
Project("{9A19103F-16F7-4668-BE54-9A1E7A4F7556}") = "CF.AuthService.Persistence", "CF.AuthService.Persistence\CF.AuthService.Persistence.csproj", "{74799E23-7DE0-451C-8EDC-4CDBF53D2DE0}"
EndProject
Project("{2150E333-8FDC-42A3-9474-1A3956D46DE8}") = "AuthService", "AuthService", "{548B1A30-64BA-4676-AA77-C6093F06DCE8}"
EndProject
Project("{2150E333-8FDC-42A3-9474-1A3956D46DE8}") = "Core", "Core", "{EDFDA39F-0B43-483E-A40D-40C99E9DB735}"
EndProject
Project("{2150E333-8FDC-42A3-9474-1A3956D46DE8}") = "Infrastructure", "Infrastructure", "{A76A65FB-FE0F-4616-8457-D9F1FB16D5D3}"
EndProject
Project("{2150E333-8FDC-42A3-9474-1A3956D46DE8}") = "Core", "Core", "{FEE818FD-B87F-4872-BC1E-C14858D1DBF9}"
EndProject
Project("{2150E333-8FDC-42A3-9474-1A3956D46DE8}") = "Infrastructure", "Infrastructure", "{55176EE5-3FEC-4479-9477-6C768D7B32D8}"
EndProject
Project("{9A19103F-16F7-4668-BE54-9A1E7A4F7556}") = "CF.ConceptBrainService.Application", "CF.ConceptBrainService.Application\CF.ConceptBrainService.Application.csproj", "{0CC983EC-AD9C-4F91-B625-56C8D30392B8}"
EndProject
Project("{9A19103F-16F7-4668-BE54-9A1E7A4F7556}") = "CF.ConceptBrainService.Infrastructure", "CF.ConceptBrainService.Infrastructure\CF.ConceptBrainService.Infrastructure.csproj", "{FE5A2BF1-1812-4A8A-9F42-CB42D7D99329}"
EndProject
Project("{9A19103F-16F7-4668-BE54-9A1E7A4F7556}") = "CF.ConceptBrainService.Persistence", "CF.ConceptBrainService.Persistence\CF.ConceptBrainService.Persistence.csproj", "{8B377694-9899-40EE-BB00-68142F9C904A}"
EndProject
Project("{9A19103F-16F7-4668-BE54-9A1E7A4F7556}") = "CF.ConceptBrainService.Api", "CF.ConceptBrainService.Api\CF.ConceptBrainService.Api.csproj", "{5B511E5C-B997-4E60-AD4E-DD9B7B927FD7}"
EndProject
Global
	GlobalSection(SolutionConfigurationPlatforms) = preSolution
		Debug|Any CPU = Debug|Any CPU
		Release|Any CPU = Release|Any CPU
	EndGlobalSection
	GlobalSection(ProjectConfigurationPlatforms) = postSolution
		{160E4B79-5E24-451B-937C-02F417BCA769}.Debug|Any CPU.ActiveCfg = Debug|Any CPU
		{160E4B79-5E24-451B-937C-02F417BCA769}.Debug|Any CPU.Build.0 = Debug|Any CPU
		{160E4B79-5E24-451B-937C-02F417BCA769}.Release|Any CPU.ActiveCfg = Release|Any CPU
		{160E4B79-5E24-451B-937C-02F417BCA769}.Release|Any CPU.Build.0 = Release|Any CPU
		{52D9C9CB-0EE4-482D-A715-8FDDBB08DF08}.Debug|Any CPU.ActiveCfg = Debug|Any CPU
		{52D9C9CB-0EE4-482D-A715-8FDDBB08DF08}.Debug|Any CPU.Build.0 = Debug|Any CPU
		{52D9C9CB-0EE4-482D-A715-8FDDBB08DF08}.Release|Any CPU.ActiveCfg = Release|Any CPU
		{52D9C9CB-0EE4-482D-A715-8FDDBB08DF08}.Release|Any CPU.Build.0 = Release|Any CPU
		{50ECF579-6E92-4808-ACE3-858C324ED601}.Debug|Any CPU.ActiveCfg = Debug|Any CPU
		{50ECF579-6E92-4808-ACE3-858C324ED601}.Debug|Any CPU.Build.0 = Debug|Any CPU
		{50ECF579-6E92-4808-ACE3-858C324ED601}.Release|Any CPU.ActiveCfg = Release|Any CPU
		{50ECF579-6E92-4808-ACE3-858C324ED601}.Release|Any CPU.Build.0 = Release|Any CPU
		{BC616F6D-1435-4C1C-805D-A6A0645A862E}.Debug|Any CPU.ActiveCfg = Debug|Any CPU
		{BC616F6D-1435-4C1C-805D-A6A0645A862E}.Debug|Any CPU.Build.0 = Debug|Any CPU
		{BC616F6D-1435-4C1C-805D-A6A0645A862E}.Release|Any CPU.ActiveCfg = Release|Any CPU
		{BC616F6D-1435-4C1C-805D-A6A0645A862E}.Release|Any CPU.Build.0 = Release|Any CPU
		{D27F3078-B072-477E-85B5-8055C300DEAB}.Debug|Any CPU.ActiveCfg = Debug|Any CPU
		{D27F3078-B072-477E-85B5-8055C300DEAB}.Debug|Any CPU.Build.0 = Debug|Any CPU
		{D27F3078-B072-477E-85B5-8055C300DEAB}.Release|Any CPU.ActiveCfg = Release|Any CPU
		{D27F3078-B072-477E-85B5-8055C300DEAB}.Release|Any CPU.Build.0 = Release|Any CPU
		{18F538AB-9E57-4D5E-8011-EA76981FCF57}.Debug|Any CPU.ActiveCfg = Debug|Any CPU
		{18F538AB-9E57-4D5E-8011-EA76981FCF57}.Debug|Any CPU.Build.0 = Debug|Any CPU
		{18F538AB-9E57-4D5E-8011-EA76981FCF57}.Release|Any CPU.ActiveCfg = Release|Any CPU
		{18F538AB-9E57-4D5E-8011-EA76981FCF57}.Release|Any CPU.Build.0 = Release|Any CPU
		{0BEDDB41-0461-4EDC-AC87-84AEEEC82364}.Debug|Any CPU.ActiveCfg = Debug|Any CPU
		{0BEDDB41-0461-4EDC-AC87-84AEEEC82364}.Debug|Any CPU.Build.0 = Debug|Any CPU
		{0BEDDB41-0461-4EDC-AC87-84AEEEC82364}.Release|Any CPU.ActiveCfg = Release|Any CPU
		{0BEDDB41-0461-4EDC-AC87-84AEEEC82364}.Release|Any CPU.Build.0 = Release|Any CPU
		{56A05E97-DF7B-4AC0-9D0D-113218123285}.Debug|Any CPU.ActiveCfg = Debug|Any CPU
		{56A05E97-DF7B-4AC0-9D0D-113218123285}.Debug|Any CPU.Build.0 = Debug|Any CPU
		{56A05E97-DF7B-4AC0-9D0D-113218123285}.Release|Any CPU.ActiveCfg = Release|Any CPU
		{56A05E97-DF7B-4AC0-9D0D-113218123285}.Release|Any CPU.Build.0 = Release|Any CPU
		{036B9AE8-B777-4C6F-AFD5-C8F88B0A4948}.Debug|Any CPU.ActiveCfg = Debug|Any CPU
		{036B9AE8-B777-4C6F-AFD5-C8F88B0A4948}.Debug|Any CPU.Build.0 = Debug|Any CPU
		{036B9AE8-B777-4C6F-AFD5-C8F88B0A4948}.Release|Any CPU.ActiveCfg = Release|Any CPU
		{036B9AE8-B777-4C6F-AFD5-C8F88B0A4948}.Release|Any CPU.Build.0 = Release|Any CPU
		{9F8A90C0-65E4-4B53-99B5-82DB2CCAAACE}.Debug|Any CPU.ActiveCfg = Debug|Any CPU
		{9F8A90C0-65E4-4B53-99B5-82DB2CCAAACE}.Debug|Any CPU.Build.0 = Debug|Any CPU
		{9F8A90C0-65E4-4B53-99B5-82DB2CCAAACE}.Release|Any CPU.ActiveCfg = Release|Any CPU
		{9F8A90C0-65E4-4B53-99B5-82DB2CCAAACE}.Release|Any CPU.Build.0 = Release|Any CPU
		{0132F9F0-7094-4E96-B1C0-4497ECF57B23}.Debug|Any CPU.ActiveCfg = Debug|Any CPU
		{0132F9F0-7094-4E96-B1C0-4497ECF57B23}.Debug|Any CPU.Build.0 = Debug|Any CPU
		{0132F9F0-7094-4E96-B1C0-4497ECF57B23}.Release|Any CPU.ActiveCfg = Release|Any CPU
		{0132F9F0-7094-4E96-B1C0-4497ECF57B23}.Release|Any CPU.Build.0 = Release|Any CPU
		{019F2BD2-97EF-4A3E-9322-A690C4BE00E9}.Debug|Any CPU.ActiveCfg = Debug|Any CPU
		{019F2BD2-97EF-4A3E-9322-A690C4BE00E9}.Debug|Any CPU.Build.0 = Debug|Any CPU
		{019F2BD2-97EF-4A3E-9322-A690C4BE00E9}.Release|Any CPU.ActiveCfg = Release|Any CPU
		{019F2BD2-97EF-4A3E-9322-A690C4BE00E9}.Release|Any CPU.Build.0 = Release|Any CPU
		{74799E23-7DE0-451C-8EDC-4CDBF53D2DE0}.Debug|Any CPU.ActiveCfg = Debug|Any CPU
		{74799E23-7DE0-451C-8EDC-4CDBF53D2DE0}.Debug|Any CPU.Build.0 = Debug|Any CPU
		{74799E23-7DE0-451C-8EDC-4CDBF53D2DE0}.Release|Any CPU.ActiveCfg = Release|Any CPU
		{74799E23-7DE0-451C-8EDC-4CDBF53D2DE0}.Release|Any CPU.Build.0 = Release|Any CPU
		{0CC983EC-AD9C-4F91-B625-56C8D30392B8}.Debug|Any CPU.ActiveCfg = Debug|Any CPU
		{0CC983EC-AD9C-4F91-B625-56C8D30392B8}.Debug|Any CPU.Build.0 = Debug|Any CPU
		{0CC983EC-AD9C-4F91-B625-56C8D30392B8}.Release|Any CPU.ActiveCfg = Release|Any CPU
		{0CC983EC-AD9C-4F91-B625-56C8D30392B8}.Release|Any CPU.Build.0 = Release|Any CPU
		{FE5A2BF1-1812-4A8A-9F42-CB42D7D99329}.Debug|Any CPU.ActiveCfg = Debug|Any CPU
		{FE5A2BF1-1812-4A8A-9F42-CB42D7D99329}.Debug|Any CPU.Build.0 = Debug|Any CPU
		{FE5A2BF1-1812-4A8A-9F42-CB42D7D99329}.Release|Any CPU.ActiveCfg = Release|Any CPU
		{FE5A2BF1-1812-4A8A-9F42-CB42D7D99329}.Release|Any CPU.Build.0 = Release|Any CPU
		{8B377694-9899-40EE-BB00-68142F9C904A}.Debug|Any CPU.ActiveCfg = Debug|Any CPU
		{8B377694-9899-40EE-BB00-68142F9C904A}.Debug|Any CPU.Build.0 = Debug|Any CPU
		{8B377694-9899-40EE-BB00-68142F9C904A}.Release|Any CPU.ActiveCfg = Release|Any CPU
		{8B377694-9899-40EE-BB00-68142F9C904A}.Release|Any CPU.Build.0 = Release|Any CPU
		{5B511E5C-B997-4E60-AD4E-DD9B7B927FD7}.Debug|Any CPU.ActiveCfg = Debug|Any CPU
		{5B511E5C-B997-4E60-AD4E-DD9B7B927FD7}.Debug|Any CPU.Build.0 = Debug|Any CPU
		{5B511E5C-B997-4E60-AD4E-DD9B7B927FD7}.Release|Any CPU.ActiveCfg = Release|Any CPU
		{5B511E5C-B997-4E60-AD4E-DD9B7B927FD7}.Release|Any CPU.Build.0 = Release|Any CPU
	EndGlobalSection
	GlobalSection(SolutionProperties) = preSolution
		HideSolutionNode = FALSE
	EndGlobalSection
	GlobalSection(NestedProjects) = preSolution
		{52D9C9CB-0EE4-482D-A715-8FDDBB08DF08} = {D3FC192E-533F-4EE1-977F-BD4DD00C75F9}
		{10D945B1-7C63-4D5B-A9EF-91E8A480F235} = {D3FC192E-533F-4EE1-977F-BD4DD00C75F9}
		{50ECF579-6E92-4808-ACE3-858C324ED601} = {10D945B1-7C63-4D5B-A9EF-91E8A480F235}
		{17C41609-93DB-47BC-AC39-647FDB9402E4} = {D3FC192E-533F-4EE1-977F-BD4DD00C75F9}
		{BC616F6D-1435-4C1C-805D-A6A0645A862E} = {17C41609-93DB-47BC-AC39-647FDB9402E4}
		{D27F3078-B072-477E-85B5-8055C300DEAB} = {17C41609-93DB-47BC-AC39-647FDB9402E4}
		{D813FBFD-4072-497E-9D77-8917F6FD526A} = {E42A7376-FF5C-45A7-B38A-45A9D007506B}
		{5559FD97-9B64-4031-BEF6-F0F141FEF66F} = {E42A7376-FF5C-45A7-B38A-45A9D007506B}
		{18F538AB-9E57-4D5E-8011-EA76981FCF57} = {D813FBFD-4072-497E-9D77-8917F6FD526A}
		{0BEDDB41-0461-4EDC-AC87-84AEEEC82364} = {5559FD97-9B64-4031-BEF6-F0F141FEF66F}
		{56A05E97-DF7B-4AC0-9D0D-113218123285} = {5559FD97-9B64-4031-BEF6-F0F141FEF66F}
		{036B9AE8-B777-4C6F-AFD5-C8F88B0A4948} = {E42A7376-FF5C-45A7-B38A-45A9D007506B}
		{9F8A90C0-65E4-4B53-99B5-82DB2CCAAACE} = {548B1A30-64BA-4676-AA77-C6093F06DCE8}
		{0132F9F0-7094-4E96-B1C0-4497ECF57B23} = {EDFDA39F-0B43-483E-A40D-40C99E9DB735}
		{019F2BD2-97EF-4A3E-9322-A690C4BE00E9} = {A76A65FB-FE0F-4616-8457-D9F1FB16D5D3}
		{74799E23-7DE0-451C-8EDC-4CDBF53D2DE0} = {A76A65FB-FE0F-4616-8457-D9F1FB16D5D3}
		{EDFDA39F-0B43-483E-A40D-40C99E9DB735} = {548B1A30-64BA-4676-AA77-C6093F06DCE8}
		{A76A65FB-FE0F-4616-8457-D9F1FB16D5D3} = {548B1A30-64BA-4676-AA77-C6093F06DCE8}
		{FEE818FD-B87F-4872-BC1E-C14858D1DBF9} = {A0606858-C6BC-42E2-A9E7-BFAE15908366}
		{55176EE5-3FEC-4479-9477-6C768D7B32D8} = {A0606858-C6BC-42E2-A9E7-BFAE15908366}
		{0CC983EC-AD9C-4F91-B625-56C8D30392B8} = {FEE818FD-B87F-4872-BC1E-C14858D1DBF9}
		{FE5A2BF1-1812-4A8A-9F42-CB42D7D99329} = {55176EE5-3FEC-4479-9477-6C768D7B32D8}
		{8B377694-9899-40EE-BB00-68142F9C904A} = {55176EE5-3FEC-4479-9477-6C768D7B32D8}
		{5B511E5C-B997-4E60-AD4E-DD9B7B927FD7} = {A0606858-C6BC-42E2-A9E7-BFAE15908366}
	EndGlobalSection
	GlobalSection(ExtensibilityGlobals) = postSolution
		SolutionGuid = {152E0DBF-C9C1-4584-ADA1-F430000BBD6E}
	EndGlobalSection
EndGlobal
